
Microsoft Visual Studio Solution File, Format Version 12.00
# Visual Studio Version 17
VisualStudioVersion = 17.7.34221.43
MinimumVisualStudioVersion = 10.0.40219.1
Project("{FAE04EC0-301F-11D3-BF4B-00C04F79EFBC}") = "RedBadgeProject.Server", "RedBadgeProject\Server\RedBadgeProject.Server.csproj", "{56AF2FE6-F7D7-432B-BB83-BB79E6609B3E}"
EndProject
Project("{FAE04EC0-301F-11D3-BF4B-00C04F79EFBC}") = "RedBadgeProject.Client", "RedBadgeProject\Client\RedBadgeProject.Client.csproj", "{68F6BB44-32BB-40AC-B488-AB5BC5DC9EAD}"
EndProject
Project("{FAE04EC0-301F-11D3-BF4B-00C04F79EFBC}") = "RedBadgeProject.Shared", "RedBadgeProject\Shared\RedBadgeProject.Shared.csproj", "{758B0BA1-1B5A-41F6-A065-080383C46735}"
EndProject
Global
	GlobalSection(SolutionConfigurationPlatforms) = preSolution
		Debug|Any CPU = Debug|Any CPU
		Release|Any CPU = Release|Any CPU
	EndGlobalSection
	GlobalSection(ProjectConfigurationPlatforms) = postSolution
		{56AF2FE6-F7D7-432B-BB83-BB79E6609B3E}.Debug|Any CPU.ActiveCfg = Debug|Any CPU
		{56AF2FE6-F7D7-432B-BB83-BB79E6609B3E}.Debug|Any CPU.Build.0 = Debug|Any CPU
		{56AF2FE6-F7D7-432B-BB83-BB79E6609B3E}.Release|Any CPU.ActiveCfg = Release|Any CPU
		{56AF2FE6-F7D7-432B-BB83-BB79E6609B3E}.Release|Any CPU.Build.0 = Release|Any CPU
		{68F6BB44-32BB-40AC-B488-AB5BC5DC9EAD}.Debug|Any CPU.ActiveCfg = Debug|Any CPU
		{68F6BB44-32BB-40AC-B488-AB5BC5DC9EAD}.Debug|Any CPU.Build.0 = Debug|Any CPU
		{68F6BB44-32BB-40AC-B488-AB5BC5DC9EAD}.Release|Any CPU.ActiveCfg = Release|Any CPU
		{68F6BB44-32BB-40AC-B488-AB5BC5DC9EAD}.Release|Any CPU.Build.0 = Release|Any CPU
		{758B0BA1-1B5A-41F6-A065-080383C46735}.Debug|Any CPU.ActiveCfg = Debug|Any CPU
		{758B0BA1-1B5A-41F6-A065-080383C46735}.Debug|Any CPU.Build.0 = Debug|Any CPU
		{758B0BA1-1B5A-41F6-A065-080383C46735}.Release|Any CPU.ActiveCfg = Release|Any CPU
		{758B0BA1-1B5A-41F6-A065-080383C46735}.Release|Any CPU.Build.0 = Release|Any CPU
	EndGlobalSection
	GlobalSection(SolutionProperties) = preSolution
		HideSolutionNode = FALSE
	EndGlobalSection
	GlobalSection(ExtensibilityGlobals) = postSolution
		SolutionGuid = {09A8DBDD-E762-4A45-ADA8-3AD16A743132}
	EndGlobalSection
EndGlobal
